
Microsoft Visual Studio Solution File, Format Version 12.00
# Visual Studio 14
VisualStudioVersion = 14.0.25420.1
MinimumVisualStudioVersion = 10.0.40219.1
Project("{2150E333-8FDC-42A3-9474-1A3956D46DE8}") = "Tests", "Tests", "{F3650225-686A-4F6F-81B2-533306A0BAF4}"
EndProject
Project("{FAE04EC0-301F-11D3-BF4B-00C04F79EFBC}") = "UserAppService", "ApplicationUserManager\UserAppService.csproj", "{3A4EE9D4-173C-4BA8-A7A3-3581A4F59CD6}"
EndProject
Project("{FAE04EC0-301F-11D3-BF4B-00C04F79EFBC}") = "UserAppService.Tests", "UserAppService.Tests\UserAppService.Tests.csproj", "{736567ED-907E-46EA-AFC1-6EFE536050B2}"
EndProject
Project("{FAE04EC0-301F-11D3-BF4B-00C04F79EFBC}") = "UserManagement.Web", "UserManagement.Web\UserManagement.Web.csproj", "{9509716B-AA4F-4128-ABFF-7122301DF29C}"
EndProject
Global
	GlobalSection(SolutionConfigurationPlatforms) = preSolution
		Debug|Any CPU = Debug|Any CPU
		Release|Any CPU = Release|Any CPU
	EndGlobalSection
	GlobalSection(ProjectConfigurationPlatforms) = postSolution
		{3A4EE9D4-173C-4BA8-A7A3-3581A4F59CD6}.Debug|Any CPU.ActiveCfg = Debug|Any CPU
		{3A4EE9D4-173C-4BA8-A7A3-3581A4F59CD6}.Debug|Any CPU.Build.0 = Debug|Any CPU
		{3A4EE9D4-173C-4BA8-A7A3-3581A4F59CD6}.Release|Any CPU.ActiveCfg = Release|Any CPU
		{3A4EE9D4-173C-4BA8-A7A3-3581A4F59CD6}.Release|Any CPU.Build.0 = Release|Any CPU
		{736567ED-907E-46EA-AFC1-6EFE536050B2}.Debug|Any CPU.ActiveCfg = Debug|Any CPU
		{736567ED-907E-46EA-AFC1-6EFE536050B2}.Debug|Any CPU.Build.0 = Debug|Any CPU
		{736567ED-907E-46EA-AFC1-6EFE536050B2}.Release|Any CPU.ActiveCfg = Release|Any CPU
		{736567ED-907E-46EA-AFC1-6EFE536050B2}.Release|Any CPU.Build.0 = Release|Any CPU
		{9509716B-AA4F-4128-ABFF-7122301DF29C}.Debug|Any CPU.ActiveCfg = Debug|Any CPU
		{9509716B-AA4F-4128-ABFF-7122301DF29C}.Debug|Any CPU.Build.0 = Debug|Any CPU
		{9509716B-AA4F-4128-ABFF-7122301DF29C}.Release|Any CPU.ActiveCfg = Release|Any CPU
		{9509716B-AA4F-4128-ABFF-7122301DF29C}.Release|Any CPU.Build.0 = Release|Any CPU
	EndGlobalSection
	GlobalSection(SolutionProperties) = preSolution
		HideSolutionNode = FALSE
	EndGlobalSection
	GlobalSection(NestedProjects) = preSolution
		{736567ED-907E-46EA-AFC1-6EFE536050B2} = {F3650225-686A-4F6F-81B2-533306A0BAF4}
	EndGlobalSection
EndGlobal
